
Microsoft Visual Studio Solution File, Format Version 12.00
# Visual Studio Version 16
VisualStudioVersion = 16.0.29613.14
MinimumVisualStudioVersion = 10.0.40219.1
Project("{FAE04EC0-301F-11D3-BF4B-00C04F79EFBC}") = "ASPNETApi", "ASPNETApi\ASPNETApi.csproj", "{884AA3B3-4BDD-4190-BC55-DC012EC70A88}"
EndProject
Project("{FAE04EC0-301F-11D3-BF4B-00C04F79EFBC}") = "Domain", "Domain\Domain.csproj", "{52F856EF-493C-4E97-A6E1-569F4FCAE115}"
EndProject
Project("{FAE04EC0-301F-11D3-BF4B-00C04F79EFBC}") = "Data", "Data\Data.csproj", "{BE5C1582-1451-43C2-80D2-E6543EFBEF62}"
EndProject
Project("{FAE04EC0-301F-11D3-BF4B-00C04F79EFBC}") = "CrossCutting", "CrossCutting\CrossCutting.csproj", "{6213F799-E80B-48F8-B4BE-125F94523D9C}"
EndProject
Project("{FAE04EC0-301F-11D3-BF4B-00C04F79EFBC}") = "Services", "Services\Services.csproj", "{D88B5C41-822E-4CC8-816A-984A4E84DD7A}"
EndProject
Global
	GlobalSection(SolutionConfigurationPlatforms) = preSolution
		Debug|Any CPU = Debug|Any CPU
		Release|Any CPU = Release|Any CPU
	EndGlobalSection
	GlobalSection(ProjectConfigurationPlatforms) = postSolution
		{884AA3B3-4BDD-4190-BC55-DC012EC70A88}.Debug|Any CPU.ActiveCfg = Debug|Any CPU
		{884AA3B3-4BDD-4190-BC55-DC012EC70A88}.Debug|Any CPU.Build.0 = Debug|Any CPU
		{884AA3B3-4BDD-4190-BC55-DC012EC70A88}.Release|Any CPU.ActiveCfg = Release|Any CPU
		{884AA3B3-4BDD-4190-BC55-DC012EC70A88}.Release|Any CPU.Build.0 = Release|Any CPU
		{52F856EF-493C-4E97-A6E1-569F4FCAE115}.Debug|Any CPU.ActiveCfg = Debug|Any CPU
		{52F856EF-493C-4E97-A6E1-569F4FCAE115}.Debug|Any CPU.Build.0 = Debug|Any CPU
		{52F856EF-493C-4E97-A6E1-569F4FCAE115}.Release|Any CPU.ActiveCfg = Release|Any CPU
		{52F856EF-493C-4E97-A6E1-569F4FCAE115}.Release|Any CPU.Build.0 = Release|Any CPU
		{BE5C1582-1451-43C2-80D2-E6543EFBEF62}.Debug|Any CPU.ActiveCfg = Debug|Any CPU
		{BE5C1582-1451-43C2-80D2-E6543EFBEF62}.Debug|Any CPU.Build.0 = Debug|Any CPU
		{BE5C1582-1451-43C2-80D2-E6543EFBEF62}.Release|Any CPU.ActiveCfg = Release|Any CPU
		{BE5C1582-1451-43C2-80D2-E6543EFBEF62}.Release|Any CPU.Build.0 = Release|Any CPU
		{6213F799-E80B-48F8-B4BE-125F94523D9C}.Debug|Any CPU.ActiveCfg = Debug|Any CPU
		{6213F799-E80B-48F8-B4BE-125F94523D9C}.Debug|Any CPU.Build.0 = Debug|Any CPU
		{6213F799-E80B-48F8-B4BE-125F94523D9C}.Release|Any CPU.ActiveCfg = Release|Any CPU
		{6213F799-E80B-48F8-B4BE-125F94523D9C}.Release|Any CPU.Build.0 = Release|Any CPU
		{D88B5C41-822E-4CC8-816A-984A4E84DD7A}.Debug|Any CPU.ActiveCfg = Debug|Any CPU
		{D88B5C41-822E-4CC8-816A-984A4E84DD7A}.Debug|Any CPU.Build.0 = Debug|Any CPU
		{D88B5C41-822E-4CC8-816A-984A4E84DD7A}.Release|Any CPU.ActiveCfg = Release|Any CPU
		{D88B5C41-822E-4CC8-816A-984A4E84DD7A}.Release|Any CPU.Build.0 = Release|Any CPU
	EndGlobalSection
	GlobalSection(SolutionProperties) = preSolution
		HideSolutionNode = FALSE
	EndGlobalSection
	GlobalSection(ExtensibilityGlobals) = postSolution
		SolutionGuid = {0FDE732D-3775-480E-9C5C-8AFEE2796810}
	EndGlobalSection
EndGlobal
